
Microsoft Visual Studio Solution File, Format Version 12.00
# Visual Studio Version 17
VisualStudioVersion = 17.13.35919.96 d17.13
MinimumVisualStudioVersion = 10.0.40219.1
Project("{FAE04EC0-301F-11D3-BF4B-00C04F79EFBC}") = "SisGestorEmpenio", "SisGestorEmpenio\SisGestorEmpenio.csproj", "{A85A6BEF-20FC-4BF4-B21A-874375D29395}"
EndProject
Global
	GlobalSection(SolutionConfigurationPlatforms) = preSolution
		Debug|Any CPU = Debug|Any CPU
		Release|Any CPU = Release|Any CPU
	EndGlobalSection
	GlobalSection(ProjectConfigurationPlatforms) = postSolution
		{A85A6BEF-20FC-4BF4-B21A-874375D29395}.Debug|Any CPU.ActiveCfg = Debug|Any CPU
		{A85A6BEF-20FC-4BF4-B21A-874375D29395}.Debug|Any CPU.Build.0 = Debug|Any CPU
		{A85A6BEF-20FC-4BF4-B21A-874375D29395}.Release|Any CPU.ActiveCfg = Release|Any CPU
		{A85A6BEF-20FC-4BF4-B21A-874375D29395}.Release|Any CPU.Build.0 = Release|Any CPU
	EndGlobalSection
	GlobalSection(SolutionProperties) = preSolution
		HideSolutionNode = FALSE
	EndGlobalSection
	GlobalSection(ExtensibilityGlobals) = postSolution
		SolutionGuid = {69A70683-7967-4092-B09C-6A4D7F109F36}
	EndGlobalSection
EndGlobal
